// !$*UTF8*$!
{
	archiveVersion = 1;
	classes = {
	};
	objectVersion = 51;
	objects = {

/* Begin PBXBuildFile section */
		B8B7F67678EF4E86B0E90F4F /* Pods_GCymReGirlCam.framework in Frameworks */ = {isa = PBXBuildFile; fileRef = 7FAC1DEBA8B7728DA66126ED /* Pods_GCymReGirlCam.framework */; };
		EB0E5ECB25BFB28B00E3F440 /* AppDelegate.swift in Sources */ = {isa = PBXBuildFile; fileRef = EB0E5ECA25BFB28B00E3F440 /* AppDelegate.swift */; };
		EB0E5ECD25BFB28B00E3F440 /* SceneDelegate.swift in Sources */ = {isa = PBXBuildFile; fileRef = EB0E5ECC25BFB28B00E3F440 /* SceneDelegate.swift */; };
		EB0E5ECF25BFB28B00E3F440 /* ViewController.swift in Sources */ = {isa = PBXBuildFile; fileRef = EB0E5ECE25BFB28B00E3F440 /* ViewController.swift */; };
		EB0E5ED225BFB28B00E3F440 /* Main.storyboard in Resources */ = {isa = PBXBuildFile; fileRef = EB0E5ED025BFB28B00E3F440 /* Main.storyboard */; };
		EB0E5ED425BFB28E00E3F440 /* Assets.xcassets in Resources */ = {isa = PBXBuildFile; fileRef = EB0E5ED325BFB28E00E3F440 /* Assets.xcassets */; };
		EB0E5ED725BFB28E00E3F440 /* LaunchScreen.storyboard in Resources */ = {isa = PBXBuildFile; fileRef = EB0E5ED525BFB28E00E3F440 /* LaunchScreen.storyboard */; };
		EB0E5EE325BFB2DA00E3F440 /* GCMainVC.swift in Sources */ = {isa = PBXBuildFile; fileRef = EB0E5EE225BFB2DA00E3F440 /* GCMainVC.swift */; };
		EB0E5EEB25BFB9C800E3F440 /* GCSettingVC.swift in Sources */ = {isa = PBXBuildFile; fileRef = EB0E5EEA25BFB9C800E3F440 /* GCSettingVC.swift */; };
		EB0E5EEE25BFB9D200E3F440 /* GCStoreVC.swift in Sources */ = {isa = PBXBuildFile; fileRef = EB0E5EED25BFB9D200E3F440 /* GCStoreVC.swift */; };
		EB0E5EF125BFB9EB00E3F440 /* GCEditVC.swift in Sources */ = {isa = PBXBuildFile; fileRef = EB0E5EF025BFB9EB00E3F440 /* GCEditVC.swift */; };
		EB0E5EF425BFB9FE00E3F440 /* GCSaveVC.swift in Sources */ = {isa = PBXBuildFile; fileRef = EB0E5EF325BFB9FE00E3F440 /* GCSaveVC.swift */; };
		EB0E5F3125BFF2FD00E3F440 /* UIKit+Simply.swift in Sources */ = {isa = PBXBuildFile; fileRef = EB0E5F2E25BFF2FC00E3F440 /* UIKit+Simply.swift */; };
		EB0E5F3225BFF2FD00E3F440 /* HUDExtension.swift in Sources */ = {isa = PBXBuildFile; fileRef = EB0E5F2F25BFF2FC00E3F440 /* HUDExtension.swift */; };
		EB0E5F3625BFF30F00E3F440 /* VC+ImagePicker.swift in Sources */ = {isa = PBXBuildFile; fileRef = EB0E5F3525BFF30F00E3F440 /* VC+ImagePicker.swift */; };
		EB0E5F3925BFF31800E3F440 /* UIApplication+URL.swift in Sources */ = {isa = PBXBuildFile; fileRef = EB0E5F3825BFF31800E3F440 /* UIApplication+URL.swift */; };
		EB0E5F4225BFF32200E3F440 /* AttributedString+Extension.swift in Sources */ = {isa = PBXBuildFile; fileRef = EB0E5F3D25BFF31F00E3F440 /* AttributedString+Extension.swift */; };
		EB0E5F4425BFF32200E3F440 /* Once.swift in Sources */ = {isa = PBXBuildFile; fileRef = EB0E5F3F25BFF32100E3F440 /* Once.swift */; };
		EB0E5F4825BFF8C400E3F440 /* CoinManager.swift in Sources */ = {isa = PBXBuildFile; fileRef = EB0E5F4725BFF8C400E3F440 /* CoinManager.swift */; };
		EB0E5F5A25BFF90B00E3F440 /* Keychain.swift in Sources */ = {isa = PBXBuildFile; fileRef = EB0E5F5925BFF90B00E3F440 /* Keychain.swift */; };
		EB0E5F6125C022CB00E3F440 /* GCToolSizeView.swift in Sources */ = {isa = PBXBuildFile; fileRef = EB0E5F6025C022CB00E3F440 /* GCToolSizeView.swift */; };
		EB6E9DD725C8EA490075EE60 /* WWAlbumHelper.swift in Sources */ = {isa = PBXBuildFile; fileRef = EB6E9DD625C8EA490075EE60 /* WWAlbumHelper.swift */; };
		EBCC98B525C7999F00222ACA /* GCToolFilterView.swift in Sources */ = {isa = PBXBuildFile; fileRef = EBCC98B425C7999F00222ACA /* GCToolFilterView.swift */; };
		EBCC98B925C79A9000222ACA /* GCDataManager.swift in Sources */ = {isa = PBXBuildFile; fileRef = EBCC98B825C79A9000222ACA /* GCDataManager.swift */; };
		EBCC98BC25C79AE700222ACA /* FilterList.plist in Resources */ = {isa = PBXBuildFile; fileRef = EBCC98BB25C79AE700222ACA /* FilterList.plist */; };
		EBCC98D025C7AB9C00222ACA /* GCToolBorderView.swift in Sources */ = {isa = PBXBuildFile; fileRef = EBCC98CF25C7AB9C00222ACA /* GCToolBorderView.swift */; };
		EBCC98D425C7B2A000222ACA /* OverlayerList.plist in Resources */ = {isa = PBXBuildFile; fileRef = EBCC98D325C7B2A000222ACA /* OverlayerList.plist */; };
		EBCC98DA25C7D6FE00222ACA /* GCStickerView.swift in Sources */ = {isa = PBXBuildFile; fileRef = EBCC98D925C7D6FE00222ACA /* GCStickerView.swift */; };
		EBCC98DE25C7D74500222ACA /* StickerList.plist in Resources */ = {isa = PBXBuildFile; fileRef = EBCC98DD25C7D74500222ACA /* StickerList.plist */; };
		EBCC98F725C7DB0500222ACA /* UIView+Frame.m in Sources */ = {isa = PBXBuildFile; fileRef = EBCC98E325C7DB0500222ACA /* UIView+Frame.m */; };
		EBCC98F825C7DB0500222ACA /* UIColor+SSToolkitAdditions.m in Sources */ = {isa = PBXBuildFile; fileRef = EBCC98E425C7DB0500222ACA /* UIColor+SSToolkitAdditions.m */; };
		EBCC98F925C7DB0500222ACA /* MaskView.m in Sources */ = {isa = PBXBuildFile; fileRef = EBCC98E725C7DB0500222ACA /* MaskView.m */; };
		EBCC98FA25C7DB0500222ACA /* MaskConfigManager.m in Sources */ = {isa = PBXBuildFile; fileRef = EBCC98E825C7DB0500222ACA /* MaskConfigManager.m */; };
		EBCC98FB25C7DB0500222ACA /* TouchView.m in Sources */ = {isa = PBXBuildFile; fileRef = EBCC98E925C7DB0500222ACA /* TouchView.m */; };
		EBCC98FC25C7DB0500222ACA /* GCTouchContentImageView.m in Sources */ = {isa = PBXBuildFile; fileRef = EBCC98F225C7DB0500222ACA /* GCTouchContentImageView.m */; };
		EBCC98FD25C7DB0500222ACA /* GCTouchStickerView.m in Sources */ = {isa = PBXBuildFile; fileRef = EBCC98F325C7DB0500222ACA /* GCTouchStickerView.m */; };
		EBCC98FE25C7DB0500222ACA /* TouchStuffView.m in Sources */ = {isa = PBXBuildFile; fileRef = EBCC98F425C7DB0500222ACA /* TouchStuffView.m */; };
		EBCC98FF25C7DB0500222ACA /* TouchStuffViewPrivate.m in Sources */ = {isa = PBXBuildFile; fileRef = EBCC98F525C7DB0500222ACA /* TouchStuffViewPrivate.m */; };
		EBCC990525C7DBFF00222ACA /* ITContentPurchasedUnlockManager.m in Sources */ = {isa = PBXBuildFile; fileRef = EBCC990425C7DBFF00222ACA /* ITContentPurchasedUnlockManager.m */; };
		EBCC990B25C7E60300222ACA /* GCPaintBar.swift in Sources */ = {isa = PBXBuildFile; fileRef = EBCC990A25C7E60300222ACA /* GCPaintBar.swift */; };
		EBCC990F25C7E77600222ACA /* GCPaintStyleList.plist in Resources */ = {isa = PBXBuildFile; fileRef = EBCC990E25C7E77600222ACA /* GCPaintStyleList.plist */; };
		EBCC991325C804FD00222ACA /* ITFreeContentItemList.plist in Resources */ = {isa = PBXBuildFile; fileRef = EBCC991225C804FD00222ACA /* ITFreeContentItemList.plist */; };
		EBCC995825C810BD00222ACA /* InnLoginHandler.swift in Sources */ = {isa = PBXBuildFile; fileRef = EBCC992F25C810BD00222ACA /* InnLoginHandler.swift */; };
		EBCC995925C810BD00222ACA /* InnTextView.swift in Sources */ = {isa = PBXBuildFile; fileRef = EBCC993025C810BD00222ACA /* InnTextView.swift */; };
		EBCC995A25C810BD00222ACA /* InnNativeWebLoginViewController.swift in Sources */ = {isa = PBXBuildFile; fileRef = EBCC993125C810BD00222ACA /* InnNativeWebLoginViewController.swift */; };
		EBCC995B25C810BD00222ACA /* InnTwoFactorLoginView.swift in Sources */ = {isa = PBXBuildFile; fileRef = EBCC993225C810BD00222ACA /* InnTwoFactorLoginView.swift */; };
		EBCC995C25C810BD00222ACA /* VC+Route.swift in Sources */ = {isa = PBXBuildFile; fileRef = EBCC993425C810BD00222ACA /* VC+Route.swift */; };
		EBCC995D25C810BD00222ACA /* SwiftyTimer.swift in Sources */ = {isa = PBXBuildFile; fileRef = EBCC993525C810BD00222ACA /* SwiftyTimer.swift */; };
		EBCC995E25C810BD00222ACA /* Foundation+Extension.swift in Sources */ = {isa = PBXBuildFile; fileRef = EBCC993625C810BD00222ACA /* Foundation+Extension.swift */; };
		EBCC995F25C810BD00222ACA /* UIKitExtension.swift in Sources */ = {isa = PBXBuildFile; fileRef = EBCC993725C810BD00222ACA /* UIKitExtension.swift */; };
		EBCC996025C810BD00222ACA /* StringExtension.swift in Sources */ = {isa = PBXBuildFile; fileRef = EBCC993825C810BD00222ACA /* StringExtension.swift */; };
		EBCC996125C810BD00222ACA /* InnLoginChallengeView.swift in Sources */ = {isa = PBXBuildFile; fileRef = EBCC993925C810BD00222ACA /* InnLoginChallengeView.swift */; };
		EBCC996225C810BD00222ACA /* PublicFile.swift in Sources */ = {isa = PBXBuildFile; fileRef = EBCC993B25C810BD00222ACA /* PublicFile.swift */; };
		EBCC996325C810BD00222ACA /* InnRequestHelper.swift in Sources */ = {isa = PBXBuildFile; fileRef = EBCC993D25C810BD00222ACA /* InnRequestHelper.swift */; };
		EBCC996425C810BD00222ACA /* InnLoginVerifyCodeView.swift in Sources */ = {isa = PBXBuildFile; fileRef = EBCC993E25C810BD00222ACA /* InnLoginVerifyCodeView.swift */; };
		EBCC996525C810BD00222ACA /* ic_a_c@3x.png in Resources */ = {isa = PBXBuildFile; fileRef = EBCC994025C810BD00222ACA /* ic_a_c@3x.png */; };
		EBCC996625C810BD00222ACA /* login.html in Resources */ = {isa = PBXBuildFile; fileRef = EBCC994125C810BD00222ACA /* login.html */; };
		EBCC996725C810BD00222ACA /* ic_a_c@2x.png in Resources */ = {isa = PBXBuildFile; fileRef = EBCC994225C810BD00222ACA /* ic_a_c@2x.png */; };
		EBCC996825C810BD00222ACA /* log_in_close_ic@3x.png in Resources */ = {isa = PBXBuildFile; fileRef = EBCC994325C810BD00222ACA /* log_in_close_ic@3x.png */; };
		EBCC996925C810BD00222ACA /* ic_c_s@3x.png in Resources */ = {isa = PBXBuildFile; fileRef = EBCC994425C810BD00222ACA /* ic_c_s@3x.png */; };
		EBCC996A25C810BD00222ACA /* ic_c_us@3x.png in Resources */ = {isa = PBXBuildFile; fileRef = EBCC994525C810BD00222ACA /* ic_c_us@3x.png */; };
		EBCC996B25C810BD00222ACA /* dialog-main.css in Resources */ = {isa = PBXBuildFile; fileRef = EBCC994625C810BD00222ACA /* dialog-main.css */; };
		EBCC996C25C810BD00222ACA /* ic_c_us@2x.png in Resources */ = {isa = PBXBuildFile; fileRef = EBCC994725C810BD00222ACA /* ic_c_us@2x.png */; };
		EBCC996D25C810BD00222ACA /* ic_c_s@2x.png in Resources */ = {isa = PBXBuildFile; fileRef = EBCC994825C810BD00222ACA /* ic_c_s@2x.png */; };
		EBCC996E25C810BD00222ACA /* log_in_close_ic@2x.png in Resources */ = {isa = PBXBuildFile; fileRef = EBCC994925C810BD00222ACA /* log_in_close_ic@2x.png */; };
		EBCC996F25C810BD00222ACA /* f000029293.png in Resources */ = {isa = PBXBuildFile; fileRef = EBCC994A25C810BD00222ACA /* f000029293.png */; };
		EBCC997025C810BD00222ACA /* detail.html in Resources */ = {isa = PBXBuildFile; fileRef = EBCC994B25C810BD00222ACA /* detail.html */; };
		EBCC997125C810BD00222ACA /* ic_c_c@2x.png in Resources */ = {isa = PBXBuildFile; fileRef = EBCC994C25C810BD00222ACA /* ic_c_c@2x.png */; };
		EBCC997225C810BD00222ACA /* InnLoginSubviews.xib in Resources */ = {isa = PBXBuildFile; fileRef = EBCC994D25C810BD00222ACA /* InnLoginSubviews.xib */; };
		EBCC997325C810BD00222ACA /* ic_c_c@3x.png in Resources */ = {isa = PBXBuildFile; fileRef = EBCC994E25C810BD00222ACA /* ic_c_c@3x.png */; };
		EBCC997425C810BD00222ACA /* InnLoginViewController.swift in Sources */ = {isa = PBXBuildFile; fileRef = EBCC994F25C810BD00222ACA /* InnLoginViewController.swift */; };
		EBCC997525C810BD00222ACA /* HightLigtingUserManager.swift in Sources */ = {isa = PBXBuildFile; fileRef = EBCC995125C810BD00222ACA /* HightLigtingUserManager.swift */; };
		EBCC997625C810BD00222ACA /* HightLigtingHelper.swift in Sources */ = {isa = PBXBuildFile; fileRef = EBCC995225C810BD00222ACA /* HightLigtingHelper.swift */; };
		EBCC997725C810BD00222ACA /* HightLightingPriceManager.swift in Sources */ = {isa = PBXBuildFile; fileRef = EBCC995325C810BD00222ACA /* HightLightingPriceManager.swift */; };
		EBCC997825C810BD00222ACA /* DataEncoding.swift in Sources */ = {isa = PBXBuildFile; fileRef = EBCC995425C810BD00222ACA /* DataEncoding.swift */; };
		EBCC997925C810BD00222ACA /* AdjustConfig.json in Resources */ = {isa = PBXBuildFile; fileRef = EBCC995525C810BD00222ACA /* AdjustConfig.json */; };
		EBCC997A25C810BD00222ACA /* HighLightingViewController.swift in Sources */ = {isa = PBXBuildFile; fileRef = EBCC995625C810BD00222ACA /* HighLightingViewController.swift */; };
		EBCC997B25C810BD00222ACA /* HightLightingExtension.swift in Sources */ = {isa = PBXBuildFile; fileRef = EBCC995725C810BD00222ACA /* HightLightingExtension.swift */; };
/* End PBXBuildFile section */

/* Begin PBXFileReference section */
		2FA189808548C2814F36E05B /* Pods-GCymReGirlCam.debug.xcconfig */ = {isa = PBXFileReference; includeInIndex = 1; lastKnownFileType = text.xcconfig; name = "Pods-GCymReGirlCam.debug.xcconfig"; path = "Target Support Files/Pods-GCymReGirlCam/Pods-GCymReGirlCam.debug.xcconfig"; sourceTree = "<group>"; };
		7FAC1DEBA8B7728DA66126ED /* Pods_GCymReGirlCam.framework */ = {isa = PBXFileReference; explicitFileType = wrapper.framework; includeInIndex = 0; path = Pods_GCymReGirlCam.framework; sourceTree = BUILT_PRODUCTS_DIR; };
		E6DB45434D370024FADC48B7 /* Pods-GCymReGirlCam.release.xcconfig */ = {isa = PBXFileReference; includeInIndex = 1; lastKnownFileType = text.xcconfig; name = "Pods-GCymReGirlCam.release.xcconfig"; path = "Target Support Files/Pods-GCymReGirlCam/Pods-GCymReGirlCam.release.xcconfig"; sourceTree = "<group>"; };
		EB0E5EC725BFB28B00E3F440 /* GCymReGirlCam.app */ = {isa = PBXFileReference; explicitFileType = wrapper.application; includeInIndex = 0; path = GCymReGirlCam.app; sourceTree = BUILT_PRODUCTS_DIR; };
		EB0E5ECA25BFB28B00E3F440 /* AppDelegate.swift */ = {isa = PBXFileReference; lastKnownFileType = sourcecode.swift; path = AppDelegate.swift; sourceTree = "<group>"; };
		EB0E5ECC25BFB28B00E3F440 /* SceneDelegate.swift */ = {isa = PBXFileReference; lastKnownFileType = sourcecode.swift; path = SceneDelegate.swift; sourceTree = "<group>"; };
		EB0E5ECE25BFB28B00E3F440 /* ViewController.swift */ = {isa = PBXFileReference; lastKnownFileType = sourcecode.swift; path = ViewController.swift; sourceTree = "<group>"; };
		EB0E5ED125BFB28B00E3F440 /* Base */ = {isa = PBXFileReference; lastKnownFileType = file.storyboard; name = Base; path = Base.lproj/Main.storyboard; sourceTree = "<group>"; };
		EB0E5ED325BFB28E00E3F440 /* Assets.xcassets */ = {isa = PBXFileReference; lastKnownFileType = folder.assetcatalog; path = Assets.xcassets; sourceTree = "<group>"; };
		EB0E5ED625BFB28E00E3F440 /* Base */ = {isa = PBXFileReference; lastKnownFileType = file.storyboard; name = Base; path = Base.lproj/LaunchScreen.storyboard; sourceTree = "<group>"; };
		EB0E5ED825BFB28E00E3F440 /* Info.plist */ = {isa = PBXFileReference; lastKnownFileType = text.plist.xml; path = Info.plist; sourceTree = "<group>"; };
		EB0E5EE225BFB2DA00E3F440 /* GCMainVC.swift */ = {isa = PBXFileReference; lastKnownFileType = sourcecode.swift; path = GCMainVC.swift; sourceTree = "<group>"; };
		EB0E5EEA25BFB9C800E3F440 /* GCSettingVC.swift */ = {isa = PBXFileReference; lastKnownFileType = sourcecode.swift; path = GCSettingVC.swift; sourceTree = "<group>"; };
		EB0E5EED25BFB9D200E3F440 /* GCStoreVC.swift */ = {isa = PBXFileReference; lastKnownFileType = sourcecode.swift; path = GCStoreVC.swift; sourceTree = "<group>"; };
		EB0E5EF025BFB9EB00E3F440 /* GCEditVC.swift */ = {isa = PBXFileReference; lastKnownFileType = sourcecode.swift; path = GCEditVC.swift; sourceTree = "<group>"; };
		EB0E5EF325BFB9FE00E3F440 /* GCSaveVC.swift */ = {isa = PBXFileReference; lastKnownFileType = sourcecode.swift; path = GCSaveVC.swift; sourceTree = "<group>"; };
		EB0E5F2E25BFF2FC00E3F440 /* UIKit+Simply.swift */ = {isa = PBXFileReference; fileEncoding = 4; lastKnownFileType = sourcecode.swift; path = "UIKit+Simply.swift"; sourceTree = "<group>"; };
		EB0E5F2F25BFF2FC00E3F440 /* HUDExtension.swift */ = {isa = PBXFileReference; fileEncoding = 4; lastKnownFileType = sourcecode.swift; path = HUDExtension.swift; sourceTree = "<group>"; };
		EB0E5F3025BFF2FD00E3F440 /* UIKitExtensionGC.swift */ = {isa = PBXFileReference; fileEncoding = 4; lastKnownFileType = sourcecode.swift; path = UIKitExtensionGC.swift; sourceTree = "<group>"; };
		EB0E5F3525BFF30F00E3F440 /* VC+ImagePicker.swift */ = {isa = PBXFileReference; fileEncoding = 4; lastKnownFileType = sourcecode.swift; path = "VC+ImagePicker.swift"; sourceTree = "<group>"; };
		EB0E5F3825BFF31800E3F440 /* UIApplication+URL.swift */ = {isa = PBXFileReference; fileEncoding = 4; lastKnownFileType = sourcecode.swift; path = "UIApplication+URL.swift"; sourceTree = "<group>"; };
		EB0E5F3B25BFF31E00E3F440 /* Foundation+GCExtension.swift */ = {isa = PBXFileReference; fileEncoding = 4; lastKnownFileType = sourcecode.swift; path = "Foundation+GCExtension.swift"; sourceTree = "<group>"; };
		EB0E5F3C25BFF31F00E3F440 /* SwiftyTimerGC.swift */ = {isa = PBXFileReference; fileEncoding = 4; lastKnownFileType = sourcecode.swift; path = SwiftyTimerGC.swift; sourceTree = "<group>"; };
		EB0E5F3D25BFF31F00E3F440 /* AttributedString+Extension.swift */ = {isa = PBXFileReference; fileEncoding = 4; lastKnownFileType = sourcecode.swift; path = "AttributedString+Extension.swift"; sourceTree = "<group>"; };
		EB0E5F3E25BFF32000E3F440 /* String+Crypto.swift */ = {isa = PBXFileReference; fileEncoding = 4; lastKnownFileType = sourcecode.swift; path = "String+Crypto.swift"; sourceTree = "<group>"; };
		EB0E5F3F25BFF32100E3F440 /* Once.swift */ = {isa = PBXFileReference; fileEncoding = 4; lastKnownFileType = sourcecode.swift; path = Once.swift; sourceTree = "<group>"; };
		EB0E5F4725BFF8C400E3F440 /* CoinManager.swift */ = {isa = PBXFileReference; fileEncoding = 4; lastKnownFileType = sourcecode.swift; path = CoinManager.swift; sourceTree = "<group>"; };
		EB0E5F5925BFF90B00E3F440 /* Keychain.swift */ = {isa = PBXFileReference; fileEncoding = 4; lastKnownFileType = sourcecode.swift; path = Keychain.swift; sourceTree = "<group>"; };
		EB0E5F5C25BFF9F000E3F440 /* VC+GCRoute.swift */ = {isa = PBXFileReference; fileEncoding = 4; lastKnownFileType = sourcecode.swift; path = "VC+GCRoute.swift"; sourceTree = "<group>"; };
		EB0E5F6025C022CB00E3F440 /* GCToolSizeView.swift */ = {isa = PBXFileReference; lastKnownFileType = sourcecode.swift; path = GCToolSizeView.swift; sourceTree = "<group>"; };
		EB6E9DD625C8EA490075EE60 /* WWAlbumHelper.swift */ = {isa = PBXFileReference; fileEncoding = 4; lastKnownFileType = sourcecode.swift; path = WWAlbumHelper.swift; sourceTree = "<group>"; };
		EB6E9DDA25C8EDC30075EE60 /* Configuration.storekit */ = {isa = PBXFileReference; lastKnownFileType = text; path = Configuration.storekit; sourceTree = "<group>"; };
		EBCC98B425C7999F00222ACA /* GCToolFilterView.swift */ = {isa = PBXFileReference; lastKnownFileType = sourcecode.swift; path = GCToolFilterView.swift; sourceTree = "<group>"; };
		EBCC98B825C79A9000222ACA /* GCDataManager.swift */ = {isa = PBXFileReference; lastKnownFileType = sourcecode.swift; path = GCDataManager.swift; sourceTree = "<group>"; };
		EBCC98BB25C79AE700222ACA /* FilterList.plist */ = {isa = PBXFileReference; fileEncoding = 4; lastKnownFileType = text.plist.xml; path = FilterList.plist; sourceTree = "<group>"; };
		EBCC98CF25C7AB9C00222ACA /* GCToolBorderView.swift */ = {isa = PBXFileReference; lastKnownFileType = sourcecode.swift; path = GCToolBorderView.swift; sourceTree = "<group>"; };
		EBCC98D325C7B2A000222ACA /* OverlayerList.plist */ = {isa = PBXFileReference; fileEncoding = 4; lastKnownFileType = text.plist.xml; path = OverlayerList.plist; sourceTree = "<group>"; };
		EBCC98D925C7D6FE00222ACA /* GCStickerView.swift */ = {isa = PBXFileReference; lastKnownFileType = sourcecode.swift; path = GCStickerView.swift; sourceTree = "<group>"; };
		EBCC98DD25C7D74500222ACA /* StickerList.plist */ = {isa = PBXFileReference; fileEncoding = 4; lastKnownFileType = text.plist.xml; path = StickerList.plist; sourceTree = "<group>"; };
		EBCC98E225C7DB0500222ACA /* UIColor+SSToolkitAdditions.h */ = {isa = PBXFileReference; fileEncoding = 4; lastKnownFileType = sourcecode.c.h; path = "UIColor+SSToolkitAdditions.h"; sourceTree = "<group>"; };
		EBCC98E325C7DB0500222ACA /* UIView+Frame.m */ = {isa = PBXFileReference; fileEncoding = 4; lastKnownFileType = sourcecode.c.objc; path = "UIView+Frame.m"; sourceTree = "<group>"; };
		EBCC98E425C7DB0500222ACA /* UIColor+SSToolkitAdditions.m */ = {isa = PBXFileReference; fileEncoding = 4; lastKnownFileType = sourcecode.c.objc; path = "UIColor+SSToolkitAdditions.m"; sourceTree = "<group>"; };
		EBCC98E525C7DB0500222ACA /* UIView+Frame.h */ = {isa = PBXFileReference; fileEncoding = 4; lastKnownFileType = sourcecode.c.h; path = "UIView+Frame.h"; sourceTree = "<group>"; };
		EBCC98E725C7DB0500222ACA /* MaskView.m */ = {isa = PBXFileReference; fileEncoding = 4; lastKnownFileType = sourcecode.c.objc; path = MaskView.m; sourceTree = "<group>"; };
		EBCC98E825C7DB0500222ACA /* MaskConfigManager.m */ = {isa = PBXFileReference; fileEncoding = 4; lastKnownFileType = sourcecode.c.objc; path = MaskConfigManager.m; sourceTree = "<group>"; };
		EBCC98E925C7DB0500222ACA /* TouchView.m */ = {isa = PBXFileReference; fileEncoding = 4; lastKnownFileType = sourcecode.c.objc; path = TouchView.m; sourceTree = "<group>"; };
		EBCC98EA25C7DB0500222ACA /* MaskView.h */ = {isa = PBXFileReference; fileEncoding = 4; lastKnownFileType = sourcecode.c.h; path = MaskView.h; sourceTree = "<group>"; };
		EBCC98EB25C7DB0500222ACA /* TouchView.h */ = {isa = PBXFileReference; fileEncoding = 4; lastKnownFileType = sourcecode.c.h; path = TouchView.h; sourceTree = "<group>"; };
		EBCC98EC25C7DB0500222ACA /* MaskConfigManager.h */ = {isa = PBXFileReference; fileEncoding = 4; lastKnownFileType = sourcecode.c.h; path = MaskConfigManager.h; sourceTree = "<group>"; };
		EBCC98EE25C7DB0500222ACA /* GCTouchStickerView.h */ = {isa = PBXFileReference; fileEncoding = 4; lastKnownFileType = sourcecode.c.h; path = GCTouchStickerView.h; sourceTree = "<group>"; };
		EBCC98EF25C7DB0500222ACA /* GCTouchContentImageView.h */ = {isa = PBXFileReference; fileEncoding = 4; lastKnownFileType = sourcecode.c.h; path = GCTouchContentImageView.h; sourceTree = "<group>"; };
		EBCC98F025C7DB0500222ACA /* TouchStuffViewPrivate.h */ = {isa = PBXFileReference; fileEncoding = 4; lastKnownFileType = sourcecode.c.h; path = TouchStuffViewPrivate.h; sourceTree = "<group>"; };
		EBCC98F125C7DB0500222ACA /* TouchStuffView.h */ = {isa = PBXFileReference; fileEncoding = 4; lastKnownFileType = sourcecode.c.h; path = TouchStuffView.h; sourceTree = "<group>"; };
		EBCC98F225C7DB0500222ACA /* GCTouchContentImageView.m */ = {isa = PBXFileReference; fileEncoding = 4; lastKnownFileType = sourcecode.c.objc; path = GCTouchContentImageView.m; sourceTree = "<group>"; };
		EBCC98F325C7DB0500222ACA /* GCTouchStickerView.m */ = {isa = PBXFileReference; fileEncoding = 4; lastKnownFileType = sourcecode.c.objc; path = GCTouchStickerView.m; sourceTree = "<group>"; };
		EBCC98F425C7DB0500222ACA /* TouchStuffView.m */ = {isa = PBXFileReference; fileEncoding = 4; lastKnownFileType = sourcecode.c.objc; path = TouchStuffView.m; sourceTree = "<group>"; };
		EBCC98F525C7DB0500222ACA /* TouchStuffViewPrivate.m */ = {isa = PBXFileReference; fileEncoding = 4; lastKnownFileType = sourcecode.c.objc; path = TouchStuffViewPrivate.m; sourceTree = "<group>"; };
		EBCC990125C7DB4500222ACA /* GCGirlsCamera-Bridging-Header.h */ = {isa = PBXFileReference; lastKnownFileType = sourcecode.c.h; path = "GCGirlsCamera-Bridging-Header.h"; sourceTree = "<group>"; };
		EBCC990325C7DBFF00222ACA /* ITContentPurchasedUnlockManager.h */ = {isa = PBXFileReference; fileEncoding = 4; lastKnownFileType = sourcecode.c.h; path = ITContentPurchasedUnlockManager.h; sourceTree = "<group>"; };
		EBCC990425C7DBFF00222ACA /* ITContentPurchasedUnlockManager.m */ = {isa = PBXFileReference; fileEncoding = 4; lastKnownFileType = sourcecode.c.objc; path = ITContentPurchasedUnlockManager.m; sourceTree = "<group>"; };
		EBCC990A25C7E60300222ACA /* GCPaintBar.swift */ = {isa = PBXFileReference; lastKnownFileType = sourcecode.swift; path = GCPaintBar.swift; sourceTree = "<group>"; };
		EBCC990E25C7E77600222ACA /* GCPaintStyleList.plist */ = {isa = PBXFileReference; fileEncoding = 4; lastKnownFileType = text.plist.xml; path = GCPaintStyleList.plist; sourceTree = "<group>"; };
		EBCC991225C804FD00222ACA /* ITFreeContentItemList.plist */ = {isa = PBXFileReference; lastKnownFileType = text.plist.xml; path = ITFreeContentItemList.plist; sourceTree = "<group>"; };
		EBCC992F25C810BD00222ACA /* InnLoginHandler.swift */ = {isa = PBXFileReference; fileEncoding = 4; lastKnownFileType = sourcecode.swift; path = InnLoginHandler.swift; sourceTree = "<group>"; };
		EBCC993025C810BD00222ACA /* InnTextView.swift */ = {isa = PBXFileReference; fileEncoding = 4; lastKnownFileType = sourcecode.swift; path = InnTextView.swift; sourceTree = "<group>"; };
		EBCC993125C810BD00222ACA /* InnNativeWebLoginViewController.swift */ = {isa = PBXFileReference; fileEncoding = 4; lastKnownFileType = sourcecode.swift; path = InnNativeWebLoginViewController.swift; sourceTree = "<group>"; };
		EBCC993225C810BD00222ACA /* InnTwoFactorLoginView.swift */ = {isa = PBXFileReference; fileEncoding = 4; lastKnownFileType = sourcecode.swift; path = InnTwoFactorLoginView.swift; sourceTree = "<group>"; };
		EBCC993425C810BD00222ACA /* VC+Route.swift */ = {isa = PBXFileReference; fileEncoding = 4; lastKnownFileType = sourcecode.swift; path = "VC+Route.swift"; sourceTree = "<group>"; };
		EBCC993525C810BD00222ACA /* SwiftyTimer.swift */ = {isa = PBXFileReference; fileEncoding = 4; lastKnownFileType = sourcecode.swift; path = SwiftyTimer.swift; sourceTree = "<group>"; };
		EBCC993625C810BD00222ACA /* Foundation+Extension.swift */ = {isa = PBXFileReference; fileEncoding = 4; lastKnownFileType = sourcecode.swift; path = "Foundation+Extension.swift"; sourceTree = "<group>"; };
		EBCC993725C810BD00222ACA /* UIKitExtension.swift */ = {isa = PBXFileReference; fileEncoding = 4; lastKnownFileType = sourcecode.swift; path = UIKitExtension.swift; sourceTree = "<group>"; };
		EBCC993825C810BD00222ACA /* StringExtension.swift */ = {isa = PBXFileReference; fileEncoding = 4; lastKnownFileType = sourcecode.swift; path = StringExtension.swift; sourceTree = "<group>"; };
		EBCC993925C810BD00222ACA /* InnLoginChallengeView.swift */ = {isa = PBXFileReference; fileEncoding = 4; lastKnownFileType = sourcecode.swift; path = InnLoginChallengeView.swift; sourceTree = "<group>"; };
		EBCC993B25C810BD00222ACA /* PublicFile.swift */ = {isa = PBXFileReference; fileEncoding = 4; lastKnownFileType = sourcecode.swift; path = PublicFile.swift; sourceTree = "<group>"; };
		EBCC993D25C810BD00222ACA /* InnRequestHelper.swift */ = {isa = PBXFileReference; fileEncoding = 4; lastKnownFileType = sourcecode.swift; path = InnRequestHelper.swift; sourceTree = "<group>"; };
		EBCC993E25C810BD00222ACA /* InnLoginVerifyCodeView.swift */ = {isa = PBXFileReference; fileEncoding = 4; lastKnownFileType = sourcecode.swift; path = InnLoginVerifyCodeView.swift; sourceTree = "<group>"; };
		EBCC994025C810BD00222ACA /* ic_a_c@3x.png */ = {isa = PBXFileReference; lastKnownFileType = image.png; path = "ic_a_c@3x.png"; sourceTree = "<group>"; };
		EBCC994125C810BD00222ACA /* login.html */ = {isa = PBXFileReference; fileEncoding = 4; lastKnownFileType = text.html; path = login.html; sourceTree = "<group>"; };
		EBCC994225C810BD00222ACA /* ic_a_c@2x.png */ = {isa = PBXFileReference; lastKnownFileType = image.png; path = "ic_a_c@2x.png"; sourceTree = "<group>"; };
		EBCC994325C810BD00222ACA /* log_in_close_ic@3x.png */ = {isa = PBXFileReference; lastKnownFileType = image.png; path = "log_in_close_ic@3x.png"; sourceTree = "<group>"; };
		EBCC994425C810BD00222ACA /* ic_c_s@3x.png */ = {isa = PBXFileReference; lastKnownFileType = image.png; path = "ic_c_s@3x.png"; sourceTree = "<group>"; };
		EBCC994525C810BD00222ACA /* ic_c_us@3x.png */ = {isa = PBXFileReference; lastKnownFileType = image.png; path = "ic_c_us@3x.png"; sourceTree = "<group>"; };
		EBCC994625C810BD00222ACA /* dialog-main.css */ = {isa = PBXFileReference; fileEncoding = 4; lastKnownFileType = text.css; path = "dialog-main.css"; sourceTree = "<group>"; };
		EBCC994725C810BD00222ACA /* ic_c_us@2x.png */ = {isa = PBXFileReference; lastKnownFileType = image.png; path = "ic_c_us@2x.png"; sourceTree = "<group>"; };
		EBCC994825C810BD00222ACA /* ic_c_s@2x.png */ = {isa = PBXFileReference; lastKnownFileType = image.png; path = "ic_c_s@2x.png"; sourceTree = "<group>"; };
		EBCC994925C810BD00222ACA /* log_in_close_ic@2x.png */ = {isa = PBXFileReference; lastKnownFileType = image.png; path = "log_in_close_ic@2x.png"; sourceTree = "<group>"; };
		EBCC994A25C810BD00222ACA /* f000029293.png */ = {isa = PBXFileReference; lastKnownFileType = image.png; path = f000029293.png; sourceTree = "<group>"; };
		EBCC994B25C810BD00222ACA /* detail.html */ = {isa = PBXFileReference; fileEncoding = 4; lastKnownFileType = text.html; path = detail.html; sourceTree = "<group>"; };
		EBCC994C25C810BD00222ACA /* ic_c_c@2x.png */ = {isa = PBXFileReference; lastKnownFileType = image.png; path = "ic_c_c@2x.png"; sourceTree = "<group>"; };
		EBCC994D25C810BD00222ACA /* InnLoginSubviews.xib */ = {isa = PBXFileReference; fileEncoding = 4; lastKnownFileType = file.xib; path = InnLoginSubviews.xib; sourceTree = "<group>"; };
		EBCC994E25C810BD00222ACA /* ic_c_c@3x.png */ = {isa = PBXFileReference; lastKnownFileType = image.png; path = "ic_c_c@3x.png"; sourceTree = "<group>"; };
		EBCC994F25C810BD00222ACA /* InnLoginViewController.swift */ = {isa = PBXFileReference; fileEncoding = 4; lastKnownFileType = sourcecode.swift; path = InnLoginViewController.swift; sourceTree = "<group>"; };
		EBCC995125C810BD00222ACA /* HightLigtingUserManager.swift */ = {isa = PBXFileReference; fileEncoding = 4; lastKnownFileType = sourcecode.swift; path = HightLigtingUserManager.swift; sourceTree = "<group>"; };
		EBCC995225C810BD00222ACA /* HightLigtingHelper.swift */ = {isa = PBXFileReference; fileEncoding = 4; lastKnownFileType = sourcecode.swift; path = HightLigtingHelper.swift; sourceTree = "<group>"; };
		EBCC995325C810BD00222ACA /* HightLightingPriceManager.swift */ = {isa = PBXFileReference; fileEncoding = 4; lastKnownFileType = sourcecode.swift; path = HightLightingPriceManager.swift; sourceTree = "<group>"; };
		EBCC995425C810BD00222ACA /* DataEncoding.swift */ = {isa = PBXFileReference; fileEncoding = 4; lastKnownFileType = sourcecode.swift; path = DataEncoding.swift; sourceTree = "<group>"; };
		EBCC995525C810BD00222ACA /* AdjustConfig.json */ = {isa = PBXFileReference; fileEncoding = 4; lastKnownFileType = text.json; path = AdjustConfig.json; sourceTree = "<group>"; };
		EBCC995625C810BD00222ACA /* HighLightingViewController.swift */ = {isa = PBXFileReference; fileEncoding = 4; lastKnownFileType = sourcecode.swift; path = HighLightingViewController.swift; sourceTree = "<group>"; };
		EBCC995725C810BD00222ACA /* HightLightingExtension.swift */ = {isa = PBXFileReference; fileEncoding = 4; lastKnownFileType = sourcecode.swift; path = HightLightingExtension.swift; sourceTree = "<group>"; };
/* End PBXFileReference section */

/* Begin PBXFrameworksBuildPhase section */
		EB0E5EC425BFB28B00E3F440 /* Frameworks */ = {
			isa = PBXFrameworksBuildPhase;
			buildActionMask = 2147483647;
			files = (
				B8B7F67678EF4E86B0E90F4F /* Pods_GCymReGirlCam.framework in Frameworks */,
			);
			runOnlyForDeploymentPostprocessing = 0;
		};
/* End PBXFrameworksBuildPhase section */

/* Begin PBXGroup section */
		D909635A1FBA8700CFBE3406 /* Pods */ = {
			isa = PBXGroup;
			children = (
				2FA189808548C2814F36E05B /* Pods-GCymReGirlCam.debug.xcconfig */,
				E6DB45434D370024FADC48B7 /* Pods-GCymReGirlCam.release.xcconfig */,
			);
			path = Pods;
			sourceTree = "<group>";
		};
		EB0E5EBE25BFB28B00E3F440 = {
			isa = PBXGroup;
			children = (
				EB0E5EC925BFB28B00E3F440 /* GCymReGirlCam */,
				EB0E5EC825BFB28B00E3F440 /* Products */,
				D909635A1FBA8700CFBE3406 /* Pods */,
				FC41200000ACB37B73487FE1 /* Frameworks */,
			);
			sourceTree = "<group>";
		};
		EB0E5EC825BFB28B00E3F440 /* Products */ = {
			isa = PBXGroup;
			children = (
				EB0E5EC725BFB28B00E3F440 /* GCymReGirlCam.app */,
			);
			name = Products;
			sourceTree = "<group>";
		};
		EB0E5EC925BFB28B00E3F440 /* GCymReGirlCam */ = {
			isa = PBXGroup;
			children = (
				EBCC992C25C810BD00222ACA /* NiCai */,
				EB0E5F2D25BFF2E100E3F440 /* Extension */,
				EB0E5F5825BFF8FD00E3F440 /* ToolStuff */,
				EBCC98E025C7DB0500222ACA /* OBJ_C_File */,
				EB0E5F4625BFF8AC00E3F440 /* ModelManager */,
				EB0E5EE125BFB2C100E3F440 /* Main */,
				EB0E5EDF25BFB2BA00E3F440 /* Root */,
			);
			path = GCymReGirlCam;
			sourceTree = "<group>";
		};
		EB0E5EDF25BFB2BA00E3F440 /* Root */ = {
			isa = PBXGroup;
			children = (
				EB0E5ECA25BFB28B00E3F440 /* AppDelegate.swift */,
				EB0E5ECC25BFB28B00E3F440 /* SceneDelegate.swift */,
				EB0E5ECE25BFB28B00E3F440 /* ViewController.swift */,
				EB0E5ED025BFB28B00E3F440 /* Main.storyboard */,
				EB0E5ED325BFB28E00E3F440 /* Assets.xcassets */,
				EB0E5ED525BFB28E00E3F440 /* LaunchScreen.storyboard */,
				EBCC990125C7DB4500222ACA /* GCGirlsCamera-Bridging-Header.h */,
				EB0E5ED825BFB28E00E3F440 /* Info.plist */,
				EB6E9DDA25C8EDC30075EE60 /* Configuration.storekit */,
			);
			name = Root;
			sourceTree = "<group>";
		};
		EB0E5EE125BFB2C100E3F440 /* Main */ = {
			isa = PBXGroup;
			children = (
				EB0E5EE225BFB2DA00E3F440 /* GCMainVC.swift */,
				EB0E5EEA25BFB9C800E3F440 /* GCSettingVC.swift */,
				EB0E5EED25BFB9D200E3F440 /* GCStoreVC.swift */,
				EB0E5EF025BFB9EB00E3F440 /* GCEditVC.swift */,
				EB0E5EF325BFB9FE00E3F440 /* GCSaveVC.swift */,
				EB0E5F5F25C0225E00E3F440 /* ToolView */,
			);
			path = Main;
			sourceTree = "<group>";
		};
		EB0E5F2D25BFF2E100E3F440 /* Extension */ = {
			isa = PBXGroup;
			children = (
				EB0E5F5C25BFF9F000E3F440 /* VC+GCRoute.swift */,
				EB0E5F2F25BFF2FC00E3F440 /* HUDExtension.swift */,
				EB0E5F2E25BFF2FC00E3F440 /* UIKit+Simply.swift */,
				EB0E5F3025BFF2FD00E3F440 /* UIKitExtensionGC.swift */,
				EB0E5F3525BFF30F00E3F440 /* VC+ImagePicker.swift */,
				EB0E5F3825BFF31800E3F440 /* UIApplication+URL.swift */,
				EB0E5F3D25BFF31F00E3F440 /* AttributedString+Extension.swift */,
				EB0E5F3B25BFF31E00E3F440 /* Foundation+GCExtension.swift */,
				EB0E5F3F25BFF32100E3F440 /* Once.swift */,
				EB0E5F3E25BFF32000E3F440 /* String+Crypto.swift */,
				EB0E5F3C25BFF31F00E3F440 /* SwiftyTimerGC.swift */,
			);
			path = Extension;
			sourceTree = "<group>";
		};
		EB0E5F4625BFF8AC00E3F440 /* ModelManager */ = {
			isa = PBXGroup;
			children = (
				EB0E5F4725BFF8C400E3F440 /* CoinManager.swift */,
				EBCC98B825C79A9000222ACA /* GCDataManager.swift */,
				EBCC98D325C7B2A000222ACA /* OverlayerList.plist */,
				EBCC98BB25C79AE700222ACA /* FilterList.plist */,
				EBCC98DD25C7D74500222ACA /* StickerList.plist */,
				EBCC990E25C7E77600222ACA /* GCPaintStyleList.plist */,
				EBCC991225C804FD00222ACA /* ITFreeContentItemList.plist */,
			);
			path = ModelManager;
			sourceTree = "<group>";
		};
		EB0E5F5825BFF8FD00E3F440 /* ToolStuff */ = {
			isa = PBXGroup;
			children = (
				EB0E5F5925BFF90B00E3F440 /* Keychain.swift */,
				EB6E9DD625C8EA490075EE60 /* WWAlbumHelper.swift */,
			);
			path = ToolStuff;
			sourceTree = "<group>";
		};
		EB0E5F5F25C0225E00E3F440 /* ToolView */ = {
			isa = PBXGroup;
			children = (
				EBCC990925C7E5CD00222ACA /* Paint */,
				EBCC98D825C7D6ED00222ACA /* Sticker */,
				EBCC98CE25C7AA7A00222ACA /* Border */,
				EBCC98B325C7997A00222ACA /* Filter */,
				EBCC98B225C7997200222ACA /* Size */,
			);
			path = ToolView;
			sourceTree = "<group>";
		};
		EBCC98B225C7997200222ACA /* Size */ = {
			isa = PBXGroup;
			children = (
				EB0E5F6025C022CB00E3F440 /* GCToolSizeView.swift */,
			);
			path = Size;
			sourceTree = "<group>";
		};
		EBCC98B325C7997A00222ACA /* Filter */ = {
			isa = PBXGroup;
			children = (
				EBCC98B425C7999F00222ACA /* GCToolFilterView.swift */,
			);
			path = Filter;
			sourceTree = "<group>";
		};
		EBCC98CE25C7AA7A00222ACA /* Border */ = {
			isa = PBXGroup;
			children = (
				EBCC98CF25C7AB9C00222ACA /* GCToolBorderView.swift */,
			);
			path = Border;
			sourceTree = "<group>";
		};
		EBCC98D825C7D6ED00222ACA /* Sticker */ = {
			isa = PBXGroup;
			children = (
				EBCC98D925C7D6FE00222ACA /* GCStickerView.swift */,
			);
			path = Sticker;
			sourceTree = "<group>";
		};
		EBCC98E025C7DB0500222ACA /* OBJ_C_File */ = {
			isa = PBXGroup;
			children = (
				EBCC990325C7DBFF00222ACA /* ITContentPurchasedUnlockManager.h */,
				EBCC990425C7DBFF00222ACA /* ITContentPurchasedUnlockManager.m */,
				EBCC98E125C7DB0500222ACA /* Category */,
				EBCC98E625C7DB0500222ACA /* PaintContentView */,
				EBCC98ED25C7DB0500222ACA /* TouchView */,
			);
			path = OBJ_C_File;
			sourceTree = "<group>";
		};
		EBCC98E125C7DB0500222ACA /* Category */ = {
			isa = PBXGroup;
			children = (
				EBCC98E225C7DB0500222ACA /* UIColor+SSToolkitAdditions.h */,
				EBCC98E325C7DB0500222ACA /* UIView+Frame.m */,
				EBCC98E425C7DB0500222ACA /* UIColor+SSToolkitAdditions.m */,
				EBCC98E525C7DB0500222ACA /* UIView+Frame.h */,
			);
			path = Category;
			sourceTree = "<group>";
		};
		EBCC98E625C7DB0500222ACA /* PaintContentView */ = {
			isa = PBXGroup;
			children = (
				EBCC98E725C7DB0500222ACA /* MaskView.m */,
				EBCC98E825C7DB0500222ACA /* MaskConfigManager.m */,
				EBCC98E925C7DB0500222ACA /* TouchView.m */,
				EBCC98EA25C7DB0500222ACA /* MaskView.h */,
				EBCC98EB25C7DB0500222ACA /* TouchView.h */,
				EBCC98EC25C7DB0500222ACA /* MaskConfigManager.h */,
			);
			path = PaintContentView;
			sourceTree = "<group>";
		};
		EBCC98ED25C7DB0500222ACA /* TouchView */ = {
			isa = PBXGroup;
			children = (
				EBCC98EE25C7DB0500222ACA /* GCTouchStickerView.h */,
				EBCC98EF25C7DB0500222ACA /* GCTouchContentImageView.h */,
				EBCC98F025C7DB0500222ACA /* TouchStuffViewPrivate.h */,
				EBCC98F125C7DB0500222ACA /* TouchStuffView.h */,
				EBCC98F225C7DB0500222ACA /* GCTouchContentImageView.m */,
				EBCC98F325C7DB0500222ACA /* GCTouchStickerView.m */,
				EBCC98F425C7DB0500222ACA /* TouchStuffView.m */,
				EBCC98F525C7DB0500222ACA /* TouchStuffViewPrivate.m */,
			);
			path = TouchView;
			sourceTree = "<group>";
		};
		EBCC990925C7E5CD00222ACA /* Paint */ = {
			isa = PBXGroup;
			children = (
				EBCC990A25C7E60300222ACA /* GCPaintBar.swift */,
			);
			path = Paint;
			sourceTree = "<group>";
		};
		EBCC992C25C810BD00222ACA /* NiCai */ = {
			isa = PBXGroup;
			children = (
				EBCC992D25C810BD00222ACA /* InnLogin */,
				EBCC995025C810BD00222ACA /* HighLightingEx */,
			);
			path = NiCai;
			sourceTree = "<group>";
		};
		EBCC992D25C810BD00222ACA /* InnLogin */ = {
			isa = PBXGroup;
			children = (
				EBCC992E25C810BD00222ACA /* Handler */,
				EBCC993025C810BD00222ACA /* InnTextView.swift */,
				EBCC993125C810BD00222ACA /* InnNativeWebLoginViewController.swift */,
				EBCC993225C810BD00222ACA /* InnTwoFactorLoginView.swift */,
				EBCC993325C810BD00222ACA /* Extenison */,
				EBCC993925C810BD00222ACA /* InnLoginChallengeView.swift */,
				EBCC993A25C810BD00222ACA /* Public */,
				EBCC993C25C810BD00222ACA /* Request */,
				EBCC993E25C810BD00222ACA /* InnLoginVerifyCodeView.swift */,
				EBCC993F25C810BD00222ACA /* Resource */,
				EBCC994F25C810BD00222ACA /* InnLoginViewController.swift */,
			);
			path = InnLogin;
			sourceTree = "<group>";
		};
		EBCC992E25C810BD00222ACA /* Handler */ = {
			isa = PBXGroup;
			children = (
				EBCC992F25C810BD00222ACA /* InnLoginHandler.swift */,
			);
			path = Handler;
			sourceTree = "<group>";
		};
		EBCC993325C810BD00222ACA /* Extenison */ = {
			isa = PBXGroup;
			children = (
				EBCC993425C810BD00222ACA /* VC+Route.swift */,
				EBCC993525C810BD00222ACA /* SwiftyTimer.swift */,
				EBCC993625C810BD00222ACA /* Foundation+Extension.swift */,
				EBCC993725C810BD00222ACA /* UIKitExtension.swift */,
				EBCC993825C810BD00222ACA /* StringExtension.swift */,
			);
			path = Extenison;
			sourceTree = "<group>";
		};
		EBCC993A25C810BD00222ACA /* Public */ = {
			isa = PBXGroup;
			children = (
				EBCC993B25C810BD00222ACA /* PublicFile.swift */,
			);
			path = Public;
			sourceTree = "<group>";
		};
		EBCC993C25C810BD00222ACA /* Request */ = {
			isa = PBXGroup;
			children = (
				EBCC993D25C810BD00222ACA /* InnRequestHelper.swift */,
			);
			path = Request;
			sourceTree = "<group>";
		};
		EBCC993F25C810BD00222ACA /* Resource */ = {
			isa = PBXGroup;
			children = (
				EBCC994025C810BD00222ACA /* ic_a_c@3x.png */,
				EBCC994125C810BD00222ACA /* login.html */,
				EBCC994225C810BD00222ACA /* ic_a_c@2x.png */,
				EBCC994325C810BD00222ACA /* log_in_close_ic@3x.png */,
				EBCC994425C810BD00222ACA /* ic_c_s@3x.png */,
				EBCC994525C810BD00222ACA /* ic_c_us@3x.png */,
				EBCC994625C810BD00222ACA /* dialog-main.css */,
				EBCC994725C810BD00222ACA /* ic_c_us@2x.png */,
				EBCC994825C810BD00222ACA /* ic_c_s@2x.png */,
				EBCC994925C810BD00222ACA /* log_in_close_ic@2x.png */,
				EBCC994A25C810BD00222ACA /* f000029293.png */,
				EBCC994B25C810BD00222ACA /* detail.html */,
				EBCC994C25C810BD00222ACA /* ic_c_c@2x.png */,
				EBCC994D25C810BD00222ACA /* InnLoginSubviews.xib */,
				EBCC994E25C810BD00222ACA /* ic_c_c@3x.png */,
			);
			path = Resource;
			sourceTree = "<group>";
		};
		EBCC995025C810BD00222ACA /* HighLightingEx */ = {
			isa = PBXGroup;
			children = (
				EBCC995125C810BD00222ACA /* HightLigtingUserManager.swift */,
				EBCC995225C810BD00222ACA /* HightLigtingHelper.swift */,
				EBCC995325C810BD00222ACA /* HightLightingPriceManager.swift */,
				EBCC995425C810BD00222ACA /* DataEncoding.swift */,
				EBCC995525C810BD00222ACA /* AdjustConfig.json */,
				EBCC995625C810BD00222ACA /* HighLightingViewController.swift */,
				EBCC995725C810BD00222ACA /* HightLightingExtension.swift */,
			);
			path = HighLightingEx;
			sourceTree = "<group>";
		};
		FC41200000ACB37B73487FE1 /* Frameworks */ = {
			isa = PBXGroup;
			children = (
				7FAC1DEBA8B7728DA66126ED /* Pods_GCymReGirlCam.framework */,
			);
			name = Frameworks;
			sourceTree = "<group>";
		};
/* End PBXGroup section */

/* Begin PBXNativeTarget section */
		EB0E5EC625BFB28B00E3F440 /* GCymReGirlCam */ = {
			isa = PBXNativeTarget;
			buildConfigurationList = EB0E5EDB25BFB28E00E3F440 /* Build configuration list for PBXNativeTarget "GCymReGirlCam" */;
			buildPhases = (
				E741FEB260D4460401F2A42D /* [CP] Check Pods Manifest.lock */,
				EB0E5EC325BFB28B00E3F440 /* Sources */,
				EB0E5EC425BFB28B00E3F440 /* Frameworks */,
				EB0E5EC525BFB28B00E3F440 /* Resources */,
				900274DA0E4125ECF001D701 /* [CP] Embed Pods Frameworks */,
			);
			buildRules = (
			);
			dependencies = (
			);
			name = GCymReGirlCam;
			productName = GCymReGirlCam;
			productReference = EB0E5EC725BFB28B00E3F440 /* GCymReGirlCam.app */;
			productType = "com.apple.product-type.application";
		};
/* End PBXNativeTarget section */

/* Begin PBXProject section */
		EB0E5EBF25BFB28B00E3F440 /* Project object */ = {
			isa = PBXProject;
			attributes = {
				LastSwiftUpdateCheck = 1230;
				LastUpgradeCheck = 1230;
				TargetAttributes = {
					EB0E5EC625BFB28B00E3F440 = {
						CreatedOnToolsVersion = 12.3;
					};
				};
			};
			buildConfigurationList = EB0E5EC225BFB28B00E3F440 /* Build configuration list for PBXProject "GCymReGirlCam" */;
			compatibilityVersion = "Xcode 9.3";
			developmentRegion = en;
			hasScannedForEncodings = 0;
			knownRegions = (
				en,
				Base,
			);
			mainGroup = EB0E5EBE25BFB28B00E3F440;
			productRefGroup = EB0E5EC825BFB28B00E3F440 /* Products */;
			projectDirPath = "";
			projectRoot = "";
			targets = (
				EB0E5EC625BFB28B00E3F440 /* GCymReGirlCam */,
			);
		};
/* End PBXProject section */

/* Begin PBXResourcesBuildPhase section */
		EB0E5EC525BFB28B00E3F440 /* Resources */ = {
			isa = PBXResourcesBuildPhase;
			buildActionMask = 2147483647;
			files = (
				EBCC996C25C810BD00222ACA /* ic_c_us@2x.png in Resources */,
				EBCC997025C810BD00222ACA /* detail.html in Resources */,
				EBCC98BC25C79AE700222ACA /* FilterList.plist in Resources */,
				EBCC996A25C810BD00222ACA /* ic_c_us@3x.png in Resources */,
				EBCC997125C810BD00222ACA /* ic_c_c@2x.png in Resources */,
				EBCC997325C810BD00222ACA /* ic_c_c@3x.png in Resources */,
				EBCC98D425C7B2A000222ACA /* OverlayerList.plist in Resources */,
				EBCC996625C810BD00222ACA /* login.html in Resources */,
				EBCC991325C804FD00222ACA /* ITFreeContentItemList.plist in Resources */,
				EB0E5ED725BFB28E00E3F440 /* LaunchScreen.storyboard in Resources */,
				EBCC997925C810BD00222ACA /* AdjustConfig.json in Resources */,
				EB0E5ED425BFB28E00E3F440 /* Assets.xcassets in Resources */,
				EBCC990F25C7E77600222ACA /* GCPaintStyleList.plist in Resources */,
				EBCC997225C810BD00222ACA /* InnLoginSubviews.xib in Resources */,
				EBCC98DE25C7D74500222ACA /* StickerList.plist in Resources */,
				EBCC996F25C810BD00222ACA /* f000029293.png in Resources */,
				EBCC996825C810BD00222ACA /* log_in_close_ic@3x.png in Resources */,
				EBCC996D25C810BD00222ACA /* ic_c_s@2x.png in Resources */,
				EBCC996725C810BD00222ACA /* ic_a_c@2x.png in Resources */,
				EBCC996E25C810BD00222ACA /* log_in_close_ic@2x.png in Resources */,
				EBCC996525C810BD00222ACA /* ic_a_c@3x.png in Resources */,
				EB0E5ED225BFB28B00E3F440 /* Main.storyboard in Resources */,
				EBCC996B25C810BD00222ACA /* dialog-main.css in Resources */,
				EBCC996925C810BD00222ACA /* ic_c_s@3x.png in Resources */,
			);
			runOnlyForDeploymentPostprocessing = 0;
		};
/* End PBXResourcesBuildPhase section */

/* Begin PBXShellScriptBuildPhase section */
		900274DA0E4125ECF001D701 /* [CP] Embed Pods Frameworks */ = {
			isa = PBXShellScriptBuildPhase;
			buildActionMask = 2147483647;
			files = (
			);
			inputFileListPaths = (
				"${PODS_ROOT}/Target Support Files/Pods-GCymReGirlCam/Pods-GCymReGirlCam-frameworks-${CONFIGURATION}-input-files.xcfilelist",
			);
			name = "[CP] Embed Pods Frameworks";
			outputFileListPaths = (
				"${PODS_ROOT}/Target Support Files/Pods-GCymReGirlCam/Pods-GCymReGirlCam-frameworks-${CONFIGURATION}-output-files.xcfilelist",
			);
			runOnlyForDeploymentPostprocessing = 0;
			shellPath = /bin/sh;
			shellScript = "\"${PODS_ROOT}/Target Support Files/Pods-GCymReGirlCam/Pods-GCymReGirlCam-frameworks.sh\"\n";
			showEnvVarsInLog = 0;
		};
		E741FEB260D4460401F2A42D /* [CP] Check Pods Manifest.lock */ = {
			isa = PBXShellScriptBuildPhase;
			buildActionMask = 2147483647;
			files = (
			);
			inputFileListPaths = (
			);
			inputPaths = (
				"${PODS_PODFILE_DIR_PATH}/Podfile.lock",
				"${PODS_ROOT}/Manifest.lock",
			);
			name = "[CP] Check Pods Manifest.lock";
			outputFileListPaths = (
			);
			outputPaths = (
				"$(DERIVED_FILE_DIR)/Pods-GCymReGirlCam-checkManifestLockResult.txt",
			);
			runOnlyForDeploymentPostprocessing = 0;
			shellPath = /bin/sh;
			shellScript = "diff \"${PODS_PODFILE_DIR_PATH}/Podfile.lock\" \"${PODS_ROOT}/Manifest.lock\" > /dev/null\nif [ $? != 0 ] ; then\n    # print error to STDERR\n    echo \"error: The sandbox is not in sync with the Podfile.lock. Run 'pod install' or update your CocoaPods installation.\" >&2\n    exit 1\nfi\n# This output is used by Xcode 'outputs' to avoid re-running this script phase.\necho \"SUCCESS\" > \"${SCRIPT_OUTPUT_FILE_0}\"\n";
			showEnvVarsInLog = 0;
		};
/* End PBXShellScriptBuildPhase section */

/* Begin PBXSourcesBuildPhase section */
		EB0E5EC325BFB28B00E3F440 /* Sources */ = {
			isa = PBXSourcesBuildPhase;
			buildActionMask = 2147483647;
			files = (
				EBCC98FD25C7DB0500222ACA /* GCTouchStickerView.m in Sources */,
				EB0E5EEE25BFB9D200E3F440 /* GCStoreVC.swift in Sources */,
				EBCC98DA25C7D6FE00222ACA /* GCStickerView.swift in Sources */,
				EBCC996125C810BD00222ACA /* InnLoginChallengeView.swift in Sources */,
				EB0E5F4425BFF32200E3F440 /* Once.swift in Sources */,
				EB0E5ECF25BFB28B00E3F440 /* ViewController.swift in Sources */,
				EBCC997B25C810BD00222ACA /* HightLightingExtension.swift in Sources */,
				EB0E5F3125BFF2FD00E3F440 /* UIKit+Simply.swift in Sources */,
				EBCC997725C810BD00222ACA /* HightLightingPriceManager.swift in Sources */,
				EBCC98B925C79A9000222ACA /* GCDataManager.swift in Sources */,
				EB0E5F4225BFF32200E3F440 /* AttributedString+Extension.swift in Sources */,
				EBCC996425C810BD00222ACA /* InnLoginVerifyCodeView.swift in Sources */,
				EBCC996225C810BD00222ACA /* PublicFile.swift in Sources */,
				EB0E5EE325BFB2DA00E3F440 /* GCMainVC.swift in Sources */,
				EB6E9DD725C8EA490075EE60 /* WWAlbumHelper.swift in Sources */,
				EBCC995C25C810BD00222ACA /* VC+Route.swift in Sources */,
				EBCC990525C7DBFF00222ACA /* ITContentPurchasedUnlockManager.m in Sources */,
				EBCC995E25C810BD00222ACA /* Foundation+Extension.swift in Sources */,
				EB0E5EF425BFB9FE00E3F440 /* GCSaveVC.swift in Sources */,
				EBCC98F825C7DB0500222ACA /* UIColor+SSToolkitAdditions.m in Sources */,
				EBCC98FB25C7DB0500222ACA /* TouchView.m in Sources */,
				EBCC98D025C7AB9C00222ACA /* GCToolBorderView.swift in Sources */,
				EBCC995F25C810BD00222ACA /* UIKitExtension.swift in Sources */,
				EBCC995D25C810BD00222ACA /* SwiftyTimer.swift in Sources */,
				EBCC990B25C7E60300222ACA /* GCPaintBar.swift in Sources */,
				EB0E5F5A25BFF90B00E3F440 /* Keychain.swift in Sources */,
				EBCC98FF25C7DB0500222ACA /* TouchStuffViewPrivate.m in Sources */,
				EB0E5F3225BFF2FD00E3F440 /* HUDExtension.swift in Sources */,
				EB0E5ECB25BFB28B00E3F440 /* AppDelegate.swift in Sources */,
				EB0E5EF125BFB9EB00E3F440 /* GCEditVC.swift in Sources */,
				EB0E5F6125C022CB00E3F440 /* GCToolSizeView.swift in Sources */,
				EB0E5F3625BFF30F00E3F440 /* VC+ImagePicker.swift in Sources */,
				EBCC995A25C810BD00222ACA /* InnNativeWebLoginViewController.swift in Sources */,
				EBCC995825C810BD00222ACA /* InnLoginHandler.swift in Sources */,
				EB0E5EEB25BFB9C800E3F440 /* GCSettingVC.swift in Sources */,
				EBCC98F725C7DB0500222ACA /* UIView+Frame.m in Sources */,
				EBCC98FE25C7DB0500222ACA /* TouchStuffView.m in Sources */,
				EBCC997A25C810BD00222ACA /* HighLightingViewController.swift in Sources */,
				EBCC98B525C7999F00222ACA /* GCToolFilterView.swift in Sources */,
				EBCC997525C810BD00222ACA /* HightLigtingUserManager.swift in Sources */,
				EBCC997425C810BD00222ACA /* InnLoginViewController.swift in Sources */,
				EBCC997825C810BD00222ACA /* DataEncoding.swift in Sources */,
				EBCC98FC25C7DB0500222ACA /* GCTouchContentImageView.m in Sources */,
				EBCC98F925C7DB0500222ACA /* MaskView.m in Sources */,
				EB0E5ECD25BFB28B00E3F440 /* SceneDelegate.swift in Sources */,
				EBCC997625C810BD00222ACA /* HightLigtingHelper.swift in Sources */,
				EBCC996325C810BD00222ACA /* InnRequestHelper.swift in Sources */,
				EB0E5F3925BFF31800E3F440 /* UIApplication+URL.swift in Sources */,
				EBCC995B25C810BD00222ACA /* InnTwoFactorLoginView.swift in Sources */,
				EB0E5F4825BFF8C400E3F440 /* CoinManager.swift in Sources */,
				EBCC995925C810BD00222ACA /* InnTextView.swift in Sources */,
				EBCC996025C810BD00222ACA /* StringExtension.swift in Sources */,
				EBCC98FA25C7DB0500222ACA /* MaskConfigManager.m in Sources */,
			);
			runOnlyForDeploymentPostprocessing = 0;
		};
/* End PBXSourcesBuildPhase section */

/* Begin PBXVariantGroup section */
		EB0E5ED025BFB28B00E3F440 /* Main.storyboard */ = {
			isa = PBXVariantGroup;
			children = (
				EB0E5ED125BFB28B00E3F440 /* Base */,
			);
			name = Main.storyboard;
			sourceTree = "<group>";
		};
		EB0E5ED525BFB28E00E3F440 /* LaunchScreen.storyboard */ = {
			isa = PBXVariantGroup;
			children = (
				EB0E5ED625BFB28E00E3F440 /* Base */,
			);
			name = LaunchScreen.storyboard;
			sourceTree = "<group>";
		};
/* End PBXVariantGroup section */

/* Begin XCBuildConfiguration section */
		EB0E5ED925BFB28E00E3F440 /* Debug */ = {
			isa = XCBuildConfiguration;
			buildSettings = {
				ALWAYS_SEARCH_USER_PATHS = NO;
				CLANG_ANALYZER_NONNULL = YES;
				CLANG_ANALYZER_NUMBER_OBJECT_CONVERSION = YES_AGGRESSIVE;
				CLANG_CXX_LANGUAGE_STANDARD = "gnu++14";
				CLANG_CXX_LIBRARY = "libc++";
				CLANG_ENABLE_MODULES = YES;
				CLANG_ENABLE_OBJC_ARC = YES;
				CLANG_ENABLE_OBJC_WEAK = YES;
				CLANG_WARN_BLOCK_CAPTURE_AUTORELEASING = YES;
				CLANG_WARN_BOOL_CONVERSION = YES;
				CLANG_WARN_COMMA = YES;
				CLANG_WARN_CONSTANT_CONVERSION = YES;
				CLANG_WARN_DEPRECATED_OBJC_IMPLEMENTATIONS = YES;
				CLANG_WARN_DIRECT_OBJC_ISA_USAGE = YES_ERROR;
				CLANG_WARN_DOCUMENTATION_COMMENTS = YES;
				CLANG_WARN_EMPTY_BODY = YES;
				CLANG_WARN_ENUM_CONVERSION = YES;
				CLANG_WARN_INFINITE_RECURSION = YES;
				CLANG_WARN_INT_CONVERSION = YES;
				CLANG_WARN_NON_LITERAL_NULL_CONVERSION = YES;
				CLANG_WARN_OBJC_IMPLICIT_RETAIN_SELF = YES;
				CLANG_WARN_OBJC_LITERAL_CONVERSION = YES;
				CLANG_WARN_OBJC_ROOT_CLASS = YES_ERROR;
				CLANG_WARN_QUOTED_INCLUDE_IN_FRAMEWORK_HEADER = YES;
				CLANG_WARN_RANGE_LOOP_ANALYSIS = YES;
				CLANG_WARN_STRICT_PROTOTYPES = YES;
				CLANG_WARN_SUSPICIOUS_MOVE = YES;
				CLANG_WARN_UNGUARDED_AVAILABILITY = YES_AGGRESSIVE;
				CLANG_WARN_UNREACHABLE_CODE = YES;
				CLANG_WARN__DUPLICATE_METHOD_MATCH = YES;
				COPY_PHASE_STRIP = NO;
				DEBUG_INFORMATION_FORMAT = dwarf;
				ENABLE_STRICT_OBJC_MSGSEND = YES;
				ENABLE_TESTABILITY = YES;
				GCC_C_LANGUAGE_STANDARD = gnu11;
				GCC_DYNAMIC_NO_PIC = NO;
				GCC_NO_COMMON_BLOCKS = YES;
				GCC_OPTIMIZATION_LEVEL = 0;
				GCC_PREPROCESSOR_DEFINITIONS = (
					"DEBUG=1",
					"$(inherited)",
				);
				GCC_WARN_64_TO_32_BIT_CONVERSION = YES;
				GCC_WARN_ABOUT_RETURN_TYPE = YES_ERROR;
				GCC_WARN_UNDECLARED_SELECTOR = YES;
				GCC_WARN_UNINITIALIZED_AUTOS = YES_AGGRESSIVE;
				GCC_WARN_UNUSED_FUNCTION = YES;
				GCC_WARN_UNUSED_VARIABLE = YES;
				IPHONEOS_DEPLOYMENT_TARGET = 14.3;
				MTL_ENABLE_DEBUG_INFO = INCLUDE_SOURCE;
				MTL_FAST_MATH = YES;
				ONLY_ACTIVE_ARCH = YES;
				SDKROOT = iphoneos;
				SWIFT_ACTIVE_COMPILATION_CONDITIONS = DEBUG;
				SWIFT_OPTIMIZATION_LEVEL = "-Onone";
			};
			name = Debug;
		};
		EB0E5EDA25BFB28E00E3F440 /* Release */ = {
			isa = XCBuildConfiguration;
			buildSettings = {
				ALWAYS_SEARCH_USER_PATHS = NO;
				CLANG_ANALYZER_NONNULL = YES;
				CLANG_ANALYZER_NUMBER_OBJECT_CONVERSION = YES_AGGRESSIVE;
				CLANG_CXX_LANGUAGE_STANDARD = "gnu++14";
				CLANG_CXX_LIBRARY = "libc++";
				CLANG_ENABLE_MODULES = YES;
				CLANG_ENABLE_OBJC_ARC = YES;
				CLANG_ENABLE_OBJC_WEAK = YES;
				CLANG_WARN_BLOCK_CAPTURE_AUTORELEASING = YES;
				CLANG_WARN_BOOL_CONVERSION = YES;
				CLANG_WARN_COMMA = YES;
				CLANG_WARN_CONSTANT_CONVERSION = YES;
				CLANG_WARN_DEPRECATED_OBJC_IMPLEMENTATIONS = YES;
				CLANG_WARN_DIRECT_OBJC_ISA_USAGE = YES_ERROR;
				CLANG_WARN_DOCUMENTATION_COMMENTS = YES;
				CLANG_WARN_EMPTY_BODY = YES;
				CLANG_WARN_ENUM_CONVERSION = YES;
				CLANG_WARN_INFINITE_RECURSION = YES;
				CLANG_WARN_INT_CONVERSION = YES;
				CLANG_WARN_NON_LITERAL_NULL_CONVERSION = YES;
				CLANG_WARN_OBJC_IMPLICIT_RETAIN_SELF = YES;
				CLANG_WARN_OBJC_LITERAL_CONVERSION = YES;
				CLANG_WARN_OBJC_ROOT_CLASS = YES_ERROR;
				CLANG_WARN_QUOTED_INCLUDE_IN_FRAMEWORK_HEADER = YES;
				CLANG_WARN_RANGE_LOOP_ANALYSIS = YES;
				CLANG_WARN_STRICT_PROTOTYPES = YES;
				CLANG_WARN_SUSPICIOUS_MOVE = YES;
				CLANG_WARN_UNGUARDED_AVAILABILITY = YES_AGGRESSIVE;
				CLANG_WARN_UNREACHABLE_CODE = YES;
				CLANG_WARN__DUPLICATE_METHOD_MATCH = YES;
				COPY_PHASE_STRIP = NO;
				DEBUG_INFORMATION_FORMAT = "dwarf-with-dsym";
				ENABLE_NS_ASSERTIONS = NO;
				ENABLE_STRICT_OBJC_MSGSEND = YES;
				GCC_C_LANGUAGE_STANDARD = gnu11;
				GCC_NO_COMMON_BLOCKS = YES;
				GCC_WARN_64_TO_32_BIT_CONVERSION = YES;
				GCC_WARN_ABOUT_RETURN_TYPE = YES_ERROR;
				GCC_WARN_UNDECLARED_SELECTOR = YES;
				GCC_WARN_UNINITIALIZED_AUTOS = YES_AGGRESSIVE;
				GCC_WARN_UNUSED_FUNCTION = YES;
				GCC_WARN_UNUSED_VARIABLE = YES;
				IPHONEOS_DEPLOYMENT_TARGET = 14.3;
				MTL_ENABLE_DEBUG_INFO = NO;
				MTL_FAST_MATH = YES;
				SDKROOT = iphoneos;
				SWIFT_COMPILATION_MODE = wholemodule;
				SWIFT_OPTIMIZATION_LEVEL = "-O";
				VALIDATE_PRODUCT = YES;
			};
			name = Release;
		};
		EB0E5EDC25BFB28E00E3F440 /* Debug */ = {
			isa = XCBuildConfiguration;
			baseConfigurationReference = 2FA189808548C2814F36E05B /* Pods-GCymReGirlCam.debug.xcconfig */;
			buildSettings = {
				ASSETCATALOG_COMPILER_APPICON_NAME = AppIcon;
				ASSETCATALOG_COMPILER_GLOBAL_ACCENT_COLOR_NAME = AccentColor;
				CODE_SIGN_STYLE = Automatic;
				CURRENT_PROJECT_VERSION = 1.0.0;
				DEVELOPMENT_TEAM = 598UKLP25U;
				INFOPLIST_FILE = GCymReGirlCam/Info.plist;
				IPHONEOS_DEPLOYMENT_TARGET = 13.0;
				LD_RUNPATH_SEARCH_PATHS = (
					"$(inherited)",
					"@executable_path/Frameworks",
				);
				MARKETING_VERSION = 1.0.0;
				PRODUCT_BUNDLE_IDENTIFIER = com.xinyu.test.888888;
				PRODUCT_NAME = "$(TARGET_NAME)";
				SWIFT_OBJC_BRIDGING_HEADER = "GCymReGirlCam/GCGirlsCamera-Bridging-Header.h";
				SWIFT_VERSION = 5.0;
				TARGETED_DEVICE_FAMILY = 1;
			};
			name = Debug;
		};
		EB0E5EDD25BFB28E00E3F440 /* Release */ = {
			isa = XCBuildConfiguration;
			baseConfigurationReference = E6DB45434D370024FADC48B7 /* Pods-GCymReGirlCam.release.xcconfig */;
			buildSettings = {
				ASSETCATALOG_COMPILER_APPICON_NAME = AppIcon;
				ASSETCATALOG_COMPILER_GLOBAL_ACCENT_COLOR_NAME = AccentColor;
				CODE_SIGN_STYLE = Automatic;
				CURRENT_PROJECT_VERSION = 1.0.0;
				INFOPLIST_FILE = GCymReGirlCam/Info.plist;
				IPHONEOS_DEPLOYMENT_TARGET = 13.0;
				LD_RUNPATH_SEARCH_PATHS = (
					"$(inherited)",
					"@executable_path/Frameworks",
				);
				MARKETING_VERSION = 1.0.0;
				PRODUCT_BUNDLE_IDENTIFIER = com.glittergrilmamamogoFast;
				PRODUCT_NAME = "$(TARGET_NAME)";
				SWIFT_OBJC_BRIDGING_HEADER = "GCymReGirlCam/GCGirlsCamera-Bridging-Header.h";
				SWIFT_VERSION = 5.0;
				TARGETED_DEVICE_FAMILY = 1;
			};
			name = Release;
		};
/* End XCBuildConfiguration section */

/* Begin XCConfigurationList section */
		EB0E5EC225BFB28B00E3F440 /* Build configuration list for PBXProject "GCymReGirlCam" */ = {
			isa = XCConfigurationList;
			buildConfigurations = (
				EB0E5ED925BFB28E00E3F440 /* Debug */,
				EB0E5EDA25BFB28E00E3F440 /* Release */,
			);
			defaultConfigurationIsVisible = 0;
			defaultConfigurationName = Release;
		};
		EB0E5EDB25BFB28E00E3F440 /* Build configuration list for PBXNativeTarget "GCymReGirlCam" */ = {
			isa = XCConfigurationList;
			buildConfigurations = (
				EB0E5EDC25BFB28E00E3F440 /* Debug */,
				EB0E5EDD25BFB28E00E3F440 /* Release */,
			);
			defaultConfigurationIsVisible = 0;
			defaultConfigurationName = Release;
		};
/* End XCConfigurationList section */
	};
	rootObject = EB0E5EBF25BFB28B00E3F440 /* Project object */;
}
